{
  "requires": true,
  "lockfileVersion": 1,
  "dependencies": {
    "angular": {
      "version": "1.7.8",
      "resolved": "https://registry.npmjs.org/angular/-/angular-1.7.8.tgz",
      "integrity": "sha512-wtef/y4COxM7ZVhddd7JtAAhyYObq9YXKar9tsW7558BImeVYteJiTxCKeJOL45lJ/+7B4wrAC49j8gTFYEthg=="
    },
    "angular-social-login": {
      "version": "0.0.1",
      "resolved": "https://registry.npmjs.org/angular-social-login/-/angular-social-login-0.0.1.tgz",
      "integrity": "sha1-GEDB5eVLRv2/Y7ARZdMHJQnrGZ8=",
      "requires": {
        "angular": ">= 1.2.0"
      }
    },
    "angular5-social-login": {
      "version": "1.0.9",
      "resolved": "https://registry.npmjs.org/angular5-social-login/-/angular5-social-login-1.0.9.tgz",
      "integrity": "sha1-bkgI2og9onPFJhjezKjCJ0FY+r8="
    },
    "bootstrap": {
      "version": "3.4.1",
      "resolved": "https://registry.npmjs.org/bootstrap/-/bootstrap-3.4.1.tgz",
      "integrity": "sha512-yN5oZVmRCwe5aKwzRj6736nSmKDX7pLYwsXiCj/EYmo16hODaBiT4En5btW/jhBF/seV+XMx3aYwukYC3A49DA=="
    },
    "bootstrap-social": {
      "version": "5.1.1",
      "resolved": "https://registry.npmjs.org/bootstrap-social/-/bootstrap-social-5.1.1.tgz",
      "integrity": "sha1-dTDGeK31bPj60/qCwp1NPl0CdQE=",
      "requires": {
        "bootstrap": "~3",
        "font-awesome": "~4.7"
      }
    },
    "font-awesome": {
      "version": "4.7.0",
      "resolved": "https://registry.npmjs.org/font-awesome/-/font-awesome-4.7.0.tgz",
      "integrity": "sha1-j6jPBBGhoxr9B7BtKQK7n8gVoTM="
    },
    "oauth2": {
      "version": "0.0.1",
      "resolved": "https://registry.npmjs.org/oauth2/-/oauth2-0.0.1.tgz",
      "integrity": "sha1-fOkerI4vEuyS4KxwjftI74jU0t0="
    }
  }
}
